// !$*UTF8*$!
{
	archiveVersion = 1;
	classes = {
	};
	objectVersion = 46;
	objects = {

/* Begin PBXBuildFile section */
		EA8EAFD51C97F03300C0E604 /* main.m in Sources */ = {isa = PBXBuildFile; fileRef = EA8EAFD41C97F03300C0E604 /* main.m */; };
		EA8EAFD81C97F03300C0E604 /* AppDelegate.m in Sources */ = {isa = PBXBuildFile; fileRef = EA8EAFD71C97F03300C0E604 /* AppDelegate.m */; };
		EA8EAFDB1C97F03300C0E604 /* ViewController.m in Sources */ = {isa = PBXBuildFile; fileRef = EA8EAFDA1C97F03300C0E604 /* ViewController.m */; };
		EA8EAFDE1C97F03300C0E604 /* Main.storyboard in Resources */ = {isa = PBXBuildFile; fileRef = EA8EAFDC1C97F03300C0E604 /* Main.storyboard */; };
		EA8EAFE01C97F03300C0E604 /* Images.xcassets in Resources */ = {isa = PBXBuildFile; fileRef = EA8EAFDF1C97F03300C0E604 /* Images.xcassets */; };
		EA8EAFE31C97F03300C0E604 /* LaunchScreen.xib in Resources */ = {isa = PBXBuildFile; fileRef = EA8EAFE11C97F03300C0E604 /* LaunchScreen.xib */; };
		EA8EAFEF1C97F03300C0E604 /* ____Tests.m in Sources */ = {isa = PBXBuildFile; fileRef = EA8EAFEE1C97F03300C0E604 /* ____Tests.m */; };
		EA8EAFF91C97F7E400C0E604 /* 110.jpg in Resources */ = {isa = PBXBuildFile; fileRef = EA8EAFF81C97F7E400C0E604 /* 110.jpg */; };
/* End PBXBuildFile section */

/* Begin PBXContainerItemProxy section */
		EA8EAFE91C97F03300C0E604 /* PBXContainerItemProxy */ = {
			isa = PBXContainerItemProxy;
			containerPortal = EA8EAFC71C97F03300C0E604 /* Project object */;
			proxyType = 1;
			remoteGlobalIDString = EA8EAFCE1C97F03300C0E604;
			remoteInfo = "转场动画";
		};
/* End PBXContainerItemProxy section */

/* Begin PBXFileReference section */
		EA8EAFCF1C97F03300C0E604 /* 转场动画.app */ = {isa = PBXFileReference; explicitFileType = wrapper.application; includeInIndex = 0; path = "转场动画.app"; sourceTree = BUILT_PRODUCTS_DIR; };
		EA8EAFD31C97F03300C0E604 /* Info.plist */ = {isa = PBXFileReference; lastKnownFileType = text.plist.xml; path = Info.plist; sourceTree = "<group>"; };
		EA8EAFD41C97F03300C0E604 /* main.m */ = {isa = PBXFileReference; lastKnownFileType = sourcecode.c.objc; path = main.m; sourceTree = "<group>"; };
		EA8EAFD61C97F03300C0E604 /* AppDelegate.h */ = {isa = PBXFileReference; lastKnownFileType = sourcecode.c.h; path = AppDelegate.h; sourceTree = "<group>"; };
		EA8EAFD71C97F03300C0E604 /* AppDelegate.m */ = {isa = PBXFileReference; lastKnownFileType = sourcecode.c.objc; path = AppDelegate.m; sourceTree = "<group>"; };
		EA8EAFD91C97F03300C0E604 /* ViewController.h */ = {isa = PBXFileReference; lastKnownFileType = sourcecode.c.h; path = ViewController.h; sourceTree = "<group>"; };
		EA8EAFDA1C97F03300C0E604 /* ViewController.m */ = {isa = PBXFileReference; lastKnownFileType = sourcecode.c.objc; path = ViewController.m; sourceTree = "<group>"; };
		EA8EAFDD1C97F03300C0E604 /* Base */ = {isa = PBXFileReference; lastKnownFileType = file.storyboard; name = Base; path = Base.lproj/Main.storyboard; sourceTree = "<group>"; };
		EA8EAFDF1C97F03300C0E604 /* Images.xcassets */ = {isa = PBXFileReference; lastKnownFileType = folder.assetcatalog; path = Images.xcassets; sourceTree = "<group>"; };
		EA8EAFE21C97F03300C0E604 /* Base */ = {isa = PBXFileReference; lastKnownFileType = file.xib; name = Base; path = Base.lproj/LaunchScreen.xib; sourceTree = "<group>"; };
		EA8EAFE81C97F03300C0E604 /* 转场动画Tests.xctest */ = {isa = PBXFileReference; explicitFileType = wrapper.cfbundle; includeInIndex = 0; path = "转场动画Tests.xctest"; sourceTree = BUILT_PRODUCTS_DIR; };
		EA8EAFED1C97F03300C0E604 /* Info.plist */ = {isa = PBXFileReference; lastKnownFileType = text.plist.xml; path = Info.plist; sourceTree = "<group>"; };
		EA8EAFEE1C97F03300C0E604 /* ____Tests.m */ = {isa = PBXFileReference; lastKnownFileType = sourcecode.c.objc; path = "____Tests.m"; sourceTree = "<group>"; };
		EA8EAFF81C97F7E400C0E604 /* 110.jpg */ = {isa = PBXFileReference; lastKnownFileType = image.jpeg; path = 110.jpg; sourceTree = "<group>"; };
/* End PBXFileReference section */

/* Begin PBXFrameworksBuildPhase section */
		EA8EAFCC1C97F03300C0E604 /* Frameworks */ = {
			isa = PBXFrameworksBuildPhase;
			buildActionMask = 2147483647;
			files = (
			);
			runOnlyForDeploymentPostprocessing = 0;
		};
		EA8EAFE51C97F03300C0E604 /* Frameworks */ = {
			isa = PBXFrameworksBuildPhase;
			buildActionMask = 2147483647;
			files = (
			);
			runOnlyForDeploymentPostprocessing = 0;
		};
/* End PBXFrameworksBuildPhase section */

/* Begin PBXGroup section */
		EA8EAFC61C97F03300C0E604 = {
			isa = PBXGroup;
			children = (
				EA8EAFD11C97F03300C0E604 /* 转场动画 */,
				EA8EAFEB1C97F03300C0E604 /* 转场动画Tests */,
				EA8EAFD01C97F03300C0E604 /* Products */,
			);
			sourceTree = "<group>";
		};
		EA8EAFD01C97F03300C0E604 /* Products */ = {
			isa = PBXGroup;
			children = (
				EA8EAFCF1C97F03300C0E604 /* 转场动画.app */,
				EA8EAFE81C97F03300C0E604 /* 转场动画Tests.xctest */,
			);
			name = Products;
			sourceTree = "<group>";
		};
		EA8EAFD11C97F03300C0E604 /* 转场动画 */ = {
			isa = PBXGroup;
			children = (
				EA8EAFD61C97F03300C0E604 /* AppDelegate.h */,
				EA8EAFD71C97F03300C0E604 /* AppDelegate.m */,
				EA8EAFD91C97F03300C0E604 /* ViewController.h */,
				EA8EAFDA1C97F03300C0E604 /* ViewController.m */,
				EA8EAFF81C97F7E400C0E604 /* 110.jpg */,
				EA8EAFDC1C97F03300C0E604 /* Main.storyboard */,
				EA8EAFDF1C97F03300C0E604 /* Images.xcassets */,
				EA8EAFE11C97F03300C0E604 /* LaunchScreen.xib */,
				EA8EAFD21C97F03300C0E604 /* Supporting Files */,
			);
			path = "转场动画";
			sourceTree = "<group>";
		};
		EA8EAFD21C97F03300C0E604 /* Supporting Files */ = {
			isa = PBXGroup;
			children = (
				EA8EAFD31C97F03300C0E604 /* Info.plist */,
				EA8EAFD41C97F03300C0E604 /* main.m */,
			);
			name = "Supporting Files";
			sourceTree = "<group>";
		};
		EA8EAFEB1C97F03300C0E604 /* 转场动画Tests */ = {
			isa = PBXGroup;
			children = (
				EA8EAFEE1C97F03300C0E604 /* ____Tests.m */,
				EA8EAFEC1C97F03300C0E604 /* Supporting Files */,
			);
			path = "转场动画Tests";
			sourceTree = "<group>";
		};
		EA8EAFEC1C97F03300C0E604 /* Supporting Files */ = {
			isa = PBXGroup;
			children = (
				EA8EAFED1C97F03300C0E604 /* Info.plist */,
			);
			name = "Supporting Files";
			sourceTree = "<group>";
		};
/* End PBXGroup section */

/* Begin PBXNativeTarget section */
		EA8EAFCE1C97F03300C0E604 /* 转场动画 */ = {
			isa = PBXNativeTarget;
			buildConfigurationList = EA8EAFF21C97F03300C0E604 /* Build configuration list for PBXNativeTarget "转场动画" */;
			buildPhases = (
				EA8EAFCB1C97F03300C0E604 /* Sources */,
				EA8EAFCC1C97F03300C0E604 /* Frameworks */,
				EA8EAFCD1C97F03300C0E604 /* Resources */,
			);
			buildRules = (
			);
			dependencies = (
			);
			name = "转场动画";
			productName = "转场动画";
			productReference = EA8EAFCF1C97F03300C0E604 /* 转场动画.app */;
			productType = "com.apple.product-type.application";
		};
		EA8EAFE71C97F03300C0E604 /* 转场动画Tests */ = {
			isa = PBXNativeTarget;
			buildConfigurationList = EA8EAFF51C97F03300C0E604 /* Build configuration list for PBXNativeTarget "转场动画Tests" */;
			buildPhases = (
				EA8EAFE41C97F03300C0E604 /* Sources */,
				EA8EAFE51C97F03300C0E604 /* Frameworks */,
				EA8EAFE61C97F03300C0E604 /* Resources */,
			);
			buildRules = (
			);
			dependencies = (
				EA8EAFEA1C97F03300C0E604 /* PBXTargetDependency */,
			);
			name = "转场动画Tests";
			productName = "转场动画Tests";
			productReference = EA8EAFE81C97F03300C0E604 /* 转场动画Tests.xctest */;
			productType = "com.apple.product-type.bundle.unit-test";
		};
/* End PBXNativeTarget section */

/* Begin PBXProject section */
		EA8EAFC71C97F03300C0E604 /* Project object */ = {
			isa = PBXProject;
			attributes = {
				LastUpgradeCheck = 0640;
				ORGANIZATIONNAME = sjpgod;
				TargetAttributes = {
					EA8EAFCE1C97F03300C0E604 = {
						CreatedOnToolsVersion = 6.4;
					};
					EA8EAFE71C97F03300C0E604 = {
						CreatedOnToolsVersion = 6.4;
						TestTargetID = EA8EAFCE1C97F03300C0E604;
					};
				};
			};
			buildConfigurationList = EA8EAFCA1C97F03300C0E604 /* Build configuration list for PBXProject "转场动画" */;
			compatibilityVersion = "Xcode 3.2";
			developmentRegion = English;
			hasScannedForEncodings = 0;
			knownRegions = (
				en,
				Base,
			);
			mainGroup = EA8EAFC61C97F03300C0E604;
			productRefGroup = EA8EAFD01C97F03300C0E604 /* Products */;
			projectDirPath = "";
			projectRoot = "";
			targets = (
				EA8EAFCE1C97F03300C0E604 /* 转场动画 */,
				EA8EAFE71C97F03300C0E604 /* 转场动画Tests */,
			);
		};
/* End PBXProject section */

/* Begin PBXResourcesBuildPhase section */
		EA8EAFCD1C97F03300C0E604 /* Resources */ = {
			isa = PBXResourcesBuildPhase;
			buildActionMask = 2147483647;
			files = (
				EA8EAFF91C97F7E400C0E604 /* 110.jpg in Resources */,
				EA8EAFDE1C97F03300C0E604 /* Main.storyboard in Resources */,
				EA8EAFE31C97F03300C0E604 /* LaunchScreen.xib in Resources */,
				EA8EAFE01C97F03300C0E604 /* Images.xcassets in Resources */,
			);
			runOnlyForDeploymentPostprocessing = 0;
		};
		EA8EAFE61C97F03300C0E604 /* Resources */ = {
			isa = PBXResourcesBuildPhase;
			buildActionMask = 2147483647;
			files = (
			);
			runOnlyForDeploymentPostprocessing = 0;
		};
/* End PBXResourcesBuildPhase section */

/* Begin PBXSourcesBuildPhase section */
		EA8EAFCB1C97F03300C0E604 /* Sources */ = {
			isa = PBXSourcesBuildPhase;
			buildActionMask = 2147483647;
			files = (
				EA8EAFDB1C97F03300C0E604 /* ViewController.m in Sources */,
				EA8EAFD81C97F03300C0E604 /* AppDelegate.m in Sources */,
				EA8EAFD51C97F03300C0E604 /* main.m in Sources */,
			);
			runOnlyForDeploymentPostprocessing = 0;
		};
		EA8EAFE41C97F03300C0E604 /* Sources */ = {
			isa = PBXSourcesBuildPhase;
			buildActionMask = 2147483647;
			files = (
				EA8EAFEF1C97F03300C0E604 /* ____Tests.m in Sources */,
			);
			runOnlyForDeploymentPostprocessing = 0;
		};
/* End PBXSourcesBuildPhase section */

/* Begin PBXTargetDependency section */
		EA8EAFEA1C97F03300C0E604 /* PBXTargetDependency */ = {
			isa = PBXTargetDependency;
			target = EA8EAFCE1C97F03300C0E604 /* 转场动画 */;
			targetProxy = EA8EAFE91C97F03300C0E604 /* PBXContainerItemProxy */;
		};
/* End PBXTargetDependency section */

/* Begin PBXVariantGroup section */
		EA8EAFDC1C97F03300C0E604 /* Main.storyboard */ = {
			isa = PBXVariantGroup;
			children = (
				EA8EAFDD1C97F03300C0E604 /* Base */,
			);
			name = Main.storyboard;
			sourceTree = "<group>";
		};
		EA8EAFE11C97F03300C0E604 /* LaunchScreen.xib */ = {
			isa = PBXVariantGroup;
			children = (
				EA8EAFE21C97F03300C0E604 /* Base */,
			);
			name = LaunchScreen.xib;
			sourceTree = "<group>";
		};
/* End PBXVariantGroup section */

/* Begin XCBuildConfiguration section */
		EA8EAFF01C97F03300C0E604 /* Debug */ = {
			isa = XCBuildConfiguration;
			buildSettings = {
				ALWAYS_SEARCH_USER_PATHS = NO;
				CLANG_CXX_LANGUAGE_STANDARD = "gnu++0x";
				CLANG_CXX_LIBRARY = "libc++";
				CLANG_ENABLE_MODULES = YES;
				CLANG_ENABLE_OBJC_ARC = YES;
				CLANG_WARN_BOOL_CONVERSION = YES;
				CLANG_WARN_CONSTANT_CONVERSION = YES;
				CLANG_WARN_DIRECT_OBJC_ISA_USAGE = YES_ERROR;
				CLANG_WARN_EMPTY_BODY = YES;
				CLANG_WARN_ENUM_CONVERSION = YES;
				CLANG_WARN_INT_CONVERSION = YES;
				CLANG_WARN_OBJC_ROOT_CLASS = YES_ERROR;
				CLANG_WARN_UNREACHABLE_CODE = YES;
				CLANG_WARN__DUPLICATE_METHOD_MATCH = YES;
				"CODE_SIGN_IDENTITY[sdk=iphoneos*]" = "iPhone Developer";
				COPY_PHASE_STRIP = NO;
				DEBUG_INFORMATION_FORMAT = "dwarf-with-dsym";
				ENABLE_STRICT_OBJC_MSGSEND = YES;
				GCC_C_LANGUAGE_STANDARD = gnu99;
				GCC_DYNAMIC_NO_PIC = NO;
				GCC_NO_COMMON_BLOCKS = YES;
				GCC_OPTIMIZATION_LEVEL = 0;
				GCC_PREPROCESSOR_DEFINITIONS = (
					"DEBUG=1",
					"$(inherited)",
				);
				GCC_SYMBOLS_PRIVATE_EXTERN = NO;
				GCC_WARN_64_TO_32_BIT_CONVERSION = YES;
				GCC_WARN_ABOUT_RETURN_TYPE = YES_ERROR;
				GCC_WARN_UNDECLARED_SELECTOR = YES;
				GCC_WARN_UNINITIALIZED_AUTOS = YES_AGGRESSIVE;
				GCC_WARN_UNUSED_FUNCTION = YES;
				GCC_WARN_UNUSED_VARIABLE = YES;
				IPHONEOS_DEPLOYMENT_TARGET = 8.4;
				MTL_ENABLE_DEBUG_INFO = YES;
				ONLY_ACTIVE_ARCH = YES;
				SDKROOT = iphoneos;
			};
			name = Debug;
		};
		EA8EAFF11C97F03300C0E604 /* Release */ = {
			isa = XCBuildConfiguration;
			buildSettings = {
				ALWAYS_SEARCH_USER_PATHS = NO;
				CLANG_CXX_LANGUAGE_STANDARD = "gnu++0x";
				CLANG_CXX_LIBRARY = "libc++";
				CLANG_ENABLE_MODULES = YES;
				CLANG_ENABLE_OBJC_ARC = YES;
				CLANG_WARN_BOOL_CONVERSION = YES;
				CLANG_WARN_CONSTANT_CONVERSION = YES;
				CLANG_WARN_DIRECT_OBJC_ISA_USAGE = YES_ERROR;
				CLANG_WARN_EMPTY_BODY = YES;
				CLANG_WARN_ENUM_CONVERSION = YES;
				CLANG_WARN_INT_CONVERSION = YES;
				CLANG_WARN_OBJC_ROOT_CLASS = YES_ERROR;
				CLANG_WARN_UNREACHABLE_CODE = YES;
				CLANG_WARN__DUPLICATE_METHOD_MATCH = YES;
				"CODE_SIGN_IDENTITY[sdk=iphoneos*]" = "iPhone Developer";
				COPY_PHASE_STRIP = NO;
				DEBUG_INFORMATION_FORMAT = "dwarf-with-dsym";
				ENABLE_NS_ASSERTIONS = NO;
				ENABLE_STRICT_OBJC_MSGSEND = YES;
				GCC_C_LANGUAGE_STANDARD = gnu99;
				GCC_NO_COMMON_BLOCKS = YES;
				GCC_WARN_64_TO_32_BIT_CONVERSION = YES;
				GCC_WARN_ABOUT_RETURN_TYPE = YES_ERROR;
				GCC_WARN_UNDECLARED_SELECTOR = YES;
				GCC_WARN_UNINITIALIZED_AUTOS = YES_AGGRESSIVE;
				GCC_WARN_UNUSED_FUNCTION = YES;
				GCC_WARN_UNUSED_VARIABLE = YES;
				IPHONEOS_DEPLOYMENT_TARGET = 8.4;
				MTL_ENABLE_DEBUG_INFO = NO;
				SDKROOT = iphoneos;
				VALIDATE_PRODUCT = YES;
			};
			name = Release;
		};
		EA8EAFF31C97F03300C0E604 /* Debug */ = {
			isa = XCBuildConfiguration;
			buildSettings = {
				ASSETCATALOG_COMPILER_APPICON_NAME = AppIcon;
				INFOPLIST_FILE = "转场动画/Info.plist";
				LD_RUNPATH_SEARCH_PATHS = "$(inherited) @executable_path/Frameworks";
				PRODUCT_NAME = "$(TARGET_NAME)";
			};
			name = Debug;
		};
		EA8EAFF41C97F03300C0E604 /* Release */ = {
			isa = XCBuildConfiguration;
			buildSettings = {
				ASSETCATALOG_COMPILER_APPICON_NAME = AppIcon;
				INFOPLIST_FILE = "转场动画/Info.plist";
				LD_RUNPATH_SEARCH_PATHS = "$(inherited) @executable_path/Frameworks";
				PRODUCT_NAME = "$(TARGET_NAME)";
			};
			name = Release;
		};
		EA8EAFF61C97F03300C0E604 /* Debug */ = {
			isa = XCBuildConfiguration;
			buildSettings = {
				BUNDLE_LOADER = "$(TEST_HOST)";
				FRAMEWORK_SEARCH_PATHS = (
					"$(SDKROOT)/Developer/Library/Frameworks",
					"$(inherited)",
				);
				GCC_PREPROCESSOR_DEFINITIONS = (
					"DEBUG=1",
					"$(inherited)",
				);
				INFOPLIST_FILE = "转场动画Tests/Info.plist";
				LD_RUNPATH_SEARCH_PATHS = "$(inherited) @executable_path/Frameworks @loader_path/Frameworks";
				PRODUCT_NAME = "$(TARGET_NAME)";
				TEST_HOST = "$(BUILT_PRODUCTS_DIR)/转场动画.app/转场动画";
			};
			name = Debug;
		};
		EA8EAFF71C97F03300C0E604 /* Release */ = {
			isa = XCBuildConfiguration;
			buildSettings = {
				BUNDLE_LOADER = "$(TEST_HOST)";
				FRAMEWORK_SEARCH_PATHS = (
					"$(SDKROOT)/Developer/Library/Frameworks",
					"$(inherited)",
				);
				INFOPLIST_FILE = "转场动画Tests/Info.plist";
				LD_RUNPATH_SEARCH_PATHS = "$(inherited) @executable_path/Frameworks @loader_path/Frameworks";
				PRODUCT_NAME = "$(TARGET_NAME)";
				TEST_HOST = "$(BUILT_PRODUCTS_DIR)/转场动画.app/转场动画";
			};
			name = Release;
		};
/* End XCBuildConfiguration section */

/* Begin XCConfigurationList section */
		EA8EAFCA1C97F03300C0E604 /* Build configuration list for PBXProject "转场动画" */ = {
			isa = XCConfigurationList;
			buildConfigurations = (
				EA8EAFF01C97F03300C0E604 /* Debug */,
				EA8EAFF11C97F03300C0E604 /* Release */,
			);
			defaultConfigurationIsVisible = 0;
			defaultConfigurationName = Release;
		};
		EA8EAFF21C97F03300C0E604 /* Build configuration list for PBXNativeTarget "转场动画" */ = {
			isa = XCConfigurationList;
			buildConfigurations = (
				EA8EAFF31C97F03300C0E604 /* Debug */,
				EA8EAFF41C97F03300C0E604 /* Release */,
			);
			defaultConfigurationIsVisible = 0;
		};
		EA8EAFF51C97F03300C0E604 /* Build configuration list for PBXNativeTarget "转场动画Tests" */ = {
			isa = XCConfigurationList;
			buildConfigurations = (
				EA8EAFF61C97F03300C0E604 /* Debug */,
				EA8EAFF71C97F03300C0E604 /* Release */,
			);
			defaultConfigurationIsVisible = 0;
		};
/* End XCConfigurationList section */
	};
	rootObject = EA8EAFC71C97F03300C0E604 /* Project object */;
}
